
Microsoft Visual Studio Solution File, Format Version 12.00
# Visual Studio Version 17
VisualStudioVersion = 17.3.32929.385
MinimumVisualStudioVersion = 10.0.40219.1
Project("{FAE04EC0-301F-11D3-BF4B-00C04F79EFBC}") = "Desafios2", "Desafios2\Desafios2.csproj", "{3912C91B-473B-4B5C-9C7B-D645365B692A}"
EndProject
Global
	GlobalSection(SolutionConfigurationPlatforms) = preSolution
		Debug|Any CPU = Debug|Any CPU
		Release|Any CPU = Release|Any CPU
	EndGlobalSection
	GlobalSection(ProjectConfigurationPlatforms) = postSolution
		{3912C91B-473B-4B5C-9C7B-D645365B692A}.Debug|Any CPU.ActiveCfg = Debug|Any CPU
		{3912C91B-473B-4B5C-9C7B-D645365B692A}.Debug|Any CPU.Build.0 = Debug|Any CPU
		{3912C91B-473B-4B5C-9C7B-D645365B692A}.Release|Any CPU.ActiveCfg = Release|Any CPU
		{3912C91B-473B-4B5C-9C7B-D645365B692A}.Release|Any CPU.Build.0 = Release|Any CPU
	EndGlobalSection
	GlobalSection(SolutionProperties) = preSolution
		HideSolutionNode = FALSE
	EndGlobalSection
	GlobalSection(ExtensibilityGlobals) = postSolution
		SolutionGuid = {566C5F1A-3B4D-4AE4-8CB1-AC38672B1CA6}
	EndGlobalSection
EndGlobal
